
Microsoft Visual Studio Solution File, Format Version 11.00
# Visual Studio 2010
Project("{2150E333-8FDC-42A3-9474-1A3956D46DE8}") = "Applications", "Applications", "{5E0E720F-9DA6-4574-A2B6-A63D6E6FD98B}"
EndProject
Project("{FAE04EC0-301F-11D3-BF4B-00C04F79EFBC}") = "GearmanRunner", "apps\GearmanRunner\GearmanRunner.csproj", "{5E8A95C1-3A77-4EDA-AAA0-DFF57206B9C4}"
EndProject
Project("{FAE04EC0-301F-11D3-BF4B-00C04F79EFBC}") = "LoadTest", "apps\LoadTest\LoadTest.csproj", "{895330D0-E59F-4BFD-8857-B7CE67E118E7}"
EndProject
Project("{FAE04EC0-301F-11D3-BF4B-00C04F79EFBC}") = "WorkerApp", "apps\WorkerApp\WorkerApp.csproj", "{DB341CF0-703D-429C-B856-860CC74BA31E}"
EndProject
Project("{FAE04EC0-301F-11D3-BF4B-00C04F79EFBC}") = "Gearman", "Gearman.csproj", "{727D715F-70CD-408D-9DF4-BFFD66DB6FA1}"
EndProject
Project("{FAE04EC0-301F-11D3-BF4B-00C04F79EFBC}") = "GearmanServer", "GearmanServer\GearmanServer.csproj", "{4530FC25-8A06-44F0-9614-325DD744516D}"
EndProject
Global
	GlobalSection(SolutionConfigurationPlatforms) = preSolution
		Debug|Any CPU = Debug|Any CPU
		Release|Any CPU = Release|Any CPU
	EndGlobalSection
	GlobalSection(ProjectConfigurationPlatforms) = postSolution
		{5E8A95C1-3A77-4EDA-AAA0-DFF57206B9C4}.Debug|Any CPU.ActiveCfg = Debug|Any CPU
		{5E8A95C1-3A77-4EDA-AAA0-DFF57206B9C4}.Debug|Any CPU.Build.0 = Debug|Any CPU
		{5E8A95C1-3A77-4EDA-AAA0-DFF57206B9C4}.Release|Any CPU.ActiveCfg = Release|Any CPU
		{5E8A95C1-3A77-4EDA-AAA0-DFF57206B9C4}.Release|Any CPU.Build.0 = Release|Any CPU
		{895330D0-E59F-4BFD-8857-B7CE67E118E7}.Debug|Any CPU.ActiveCfg = Debug|Any CPU
		{895330D0-E59F-4BFD-8857-B7CE67E118E7}.Debug|Any CPU.Build.0 = Debug|Any CPU
		{895330D0-E59F-4BFD-8857-B7CE67E118E7}.Release|Any CPU.ActiveCfg = Release|Any CPU
		{895330D0-E59F-4BFD-8857-B7CE67E118E7}.Release|Any CPU.Build.0 = Release|Any CPU
		{DB341CF0-703D-429C-B856-860CC74BA31E}.Debug|Any CPU.ActiveCfg = Debug|Any CPU
		{DB341CF0-703D-429C-B856-860CC74BA31E}.Debug|Any CPU.Build.0 = Debug|Any CPU
		{DB341CF0-703D-429C-B856-860CC74BA31E}.Release|Any CPU.ActiveCfg = Release|Any CPU
		{DB341CF0-703D-429C-B856-860CC74BA31E}.Release|Any CPU.Build.0 = Release|Any CPU
		{727D715F-70CD-408D-9DF4-BFFD66DB6FA1}.Debug|Any CPU.ActiveCfg = Debug|Any CPU
		{727D715F-70CD-408D-9DF4-BFFD66DB6FA1}.Debug|Any CPU.Build.0 = Debug|Any CPU
		{727D715F-70CD-408D-9DF4-BFFD66DB6FA1}.Release|Any CPU.ActiveCfg = Release|Any CPU
		{727D715F-70CD-408D-9DF4-BFFD66DB6FA1}.Release|Any CPU.Build.0 = Release|Any CPU
		{4530FC25-8A06-44F0-9614-325DD744516D}.Debug|Any CPU.ActiveCfg = Debug|Any CPU
		{4530FC25-8A06-44F0-9614-325DD744516D}.Debug|Any CPU.Build.0 = Debug|Any CPU
		{4530FC25-8A06-44F0-9614-325DD744516D}.Release|Any CPU.ActiveCfg = Release|Any CPU
		{4530FC25-8A06-44F0-9614-325DD744516D}.Release|Any CPU.Build.0 = Release|Any CPU
	EndGlobalSection
	GlobalSection(SolutionProperties) = preSolution
		HideSolutionNode = FALSE
	EndGlobalSection
	GlobalSection(NestedProjects) = preSolution
		{5E8A95C1-3A77-4EDA-AAA0-DFF57206B9C4} = {5E0E720F-9DA6-4574-A2B6-A63D6E6FD98B}
		{895330D0-E59F-4BFD-8857-B7CE67E118E7} = {5E0E720F-9DA6-4574-A2B6-A63D6E6FD98B}
		{DB341CF0-703D-429C-B856-860CC74BA31E} = {5E0E720F-9DA6-4574-A2B6-A63D6E6FD98B}
	EndGlobalSection
	GlobalSection(MonoDevelopProperties) = preSolution
		StartupItem = GearmanServer\GearmanServer.csproj
		Policies = $0
		$0.TextStylePolicy = $1
		$1.FileWidth = 120
		$1.TabWidth = 4
		$1.inheritsSet = Mono
		$1.inheritsScope = text/plain
	EndGlobalSection
EndGlobal
